PODS:
  - connectivity (0.0.1):
    - Flutter
    - Reachability
  - Flutter (1.0.0)
  - google_maps_flutter (0.0.1):
    - Flutter
    - GoogleMaps
  - GoogleMaps (4.1.0):
    - GoogleMaps/Maps (= 4.1.0)
  - GoogleMaps/Base (4.1.0)
  - GoogleMaps/Maps (4.1.0):
    - GoogleMaps/Base
  - hexcolor (0.0.1):
    - Flutter
  - map4d_map (2.1.0):
    - Flutter
    - Map4dMap (~> 2.0.5)
  - Map4dMap (2.0.6)
  - Reachability (3.2)
  - shared_preferences (0.0.1):
    - Flutter

DEPENDENCIES:
  - connectivity (from `.symlinks/plugins/connectivity/ios`)
  - Flutter (from `Flutter`)
  - google_maps_flutter (from `.symlinks/plugins/google_maps_flutter/ios`)
  - hexcolor (from `.symlinks/plugins/hexcolor/ios`)
  - map4d_map (from `.symlinks/plugins/map4d_map/ios`)
  - shared_preferences (from `.symlinks/plugins/shared_preferences/ios`)

SPEC REPOS:
  trunk:
    - GoogleMaps
    - Map4dMap
    - Reachability

EXTERNAL SOURCES:
  connectivity:
    :path: ".symlinks/plugins/connectivity/ios"
  Flutter:
    :path: Flutter
  google_maps_flutter:
    :path: ".symlinks/plugins/google_maps_flutter/ios"
  hexcolor:
    :path: ".symlinks/plugins/hexcolor/ios"
  map4d_map:
    :path: ".symlinks/plugins/map4d_map/ios"
  shared_preferences:
    :path: ".symlinks/plugins/shared_preferences/ios"

SPEC CHECKSUMS:
  connectivity: c4130b2985d4ef6fd26f9702e886bd5260681467
  Flutter: 50d75fe2f02b26cc09d224853bb45737f8b3214a
  google_maps_flutter: abdb8dee6c52d4be36ad131ee6ebfacd14417c5a
  GoogleMaps: 008e2c80e38605b56b560e8deb73d4194ff30bef
  hexcolor: fdfb9c4258ad96e949c2dbcdf790a62194b8aa89
  map4d_map: bd79bce2b5e1be0fa675cfa24abb5990997daa8f
  Map4dMap: 56c4f30ad1e05020f491d1749be0be8833b2546b
  Reachability: 33e18b67625424e47b6cde6d202dce689ad7af96
  shared_preferences: 5033afbb22d372e15aff8ff766df9021b845f273

PODFILE CHECKSUM: aafe91acc616949ddb318b77800a7f51bffa2a4c

COCOAPODS: 1.11.2
